{
  "name": "p5-template",
  "requires": true,
  "lockfileVersion": 1,
  "dependencies": {
    "p5.drawer": {
      "version": "2.0.0",
      "resolved": "https://registry.npmjs.org/p5.drawer/-/p5.drawer-2.0.0.tgz",
      "integrity": "sha512-KER9Bo4E+H/jSw9RTlqkfldVnTzT0AQeB4xnrTBluVkdSINxeDab2pkTa3HbS7Sm4ZD9IvcGpqHtm1tGkXrYqQ=="
    }
  }
}
